
Microsoft Visual Studio Solution File, Format Version 12.00
# Visual Studio Version 17
VisualStudioVersion = 17.12.35527.113
MinimumVisualStudioVersion = 10.0.40219.1
Project("{FAE04EC0-301F-11D3-BF4B-00C04F79EFBC}") = "AreasOfFigures", "AreasOfFigures\AreasOfFigures.csproj", "{1A48367D-C317-4F45-B40F-42361FE09F72}"
EndProject
Project("{FAE04EC0-301F-11D3-BF4B-00C04F79EFBC}") = "FiguresCalculator", "FiguresCalculator\FiguresCalculator.csproj", "{1557B07E-27FB-4C8D-BEB0-5ADBD3BD4F13}"
EndProject
Project("{FAE04EC0-301F-11D3-BF4B-00C04F79EFBC}") = "FiguresTests", "FiguresTests\FiguresTests.csproj", "{AA35AAAC-1A84-45D0-B8DA-16FEFC425C58}"
EndProject
Project("{2150E333-8FDC-42A3-9474-1A3956D46DE8}") = "Элементы решения", "Элементы решения", "{0DEB5F17-602D-4CCF-9624-C1CFC83A2AC6}"
EndProject
Project("{2150E333-8FDC-42A3-9474-1A3956D46DE8}") = "Solution Items", "Solution Items", "{8CC00054-A70C-4380-AAFA-77AB129DA8D8}"
	ProjectSection(SolutionItems) = preProject
		.editorconfig = .editorconfig
	EndProjectSection
EndProject
Global
	GlobalSection(SolutionConfigurationPlatforms) = preSolution
		Debug|Any CPU = Debug|Any CPU
		Release|Any CPU = Release|Any CPU
	EndGlobalSection
	GlobalSection(ProjectConfigurationPlatforms) = postSolution
		{1A48367D-C317-4F45-B40F-42361FE09F72}.Debug|Any CPU.ActiveCfg = Debug|Any CPU
		{1A48367D-C317-4F45-B40F-42361FE09F72}.Debug|Any CPU.Build.0 = Debug|Any CPU
		{1A48367D-C317-4F45-B40F-42361FE09F72}.Release|Any CPU.ActiveCfg = Release|Any CPU
		{1A48367D-C317-4F45-B40F-42361FE09F72}.Release|Any CPU.Build.0 = Release|Any CPU
		{1557B07E-27FB-4C8D-BEB0-5ADBD3BD4F13}.Debug|Any CPU.ActiveCfg = Debug|Any CPU
		{1557B07E-27FB-4C8D-BEB0-5ADBD3BD4F13}.Debug|Any CPU.Build.0 = Debug|Any CPU
		{1557B07E-27FB-4C8D-BEB0-5ADBD3BD4F13}.Release|Any CPU.ActiveCfg = Release|Any CPU
		{1557B07E-27FB-4C8D-BEB0-5ADBD3BD4F13}.Release|Any CPU.Build.0 = Release|Any CPU
		{AA35AAAC-1A84-45D0-B8DA-16FEFC425C58}.Debug|Any CPU.ActiveCfg = Debug|Any CPU
		{AA35AAAC-1A84-45D0-B8DA-16FEFC425C58}.Debug|Any CPU.Build.0 = Debug|Any CPU
		{AA35AAAC-1A84-45D0-B8DA-16FEFC425C58}.Release|Any CPU.ActiveCfg = Release|Any CPU
		{AA35AAAC-1A84-45D0-B8DA-16FEFC425C58}.Release|Any CPU.Build.0 = Release|Any CPU
	EndGlobalSection
	GlobalSection(SolutionProperties) = preSolution
		HideSolutionNode = FALSE
	EndGlobalSection
EndGlobal
